// !$*UTF8*$!
{
	archiveVersion = 1;
	classes = {
	};
	objectVersion = 46;
	objects = {

/* Begin PBXBuildFile section */
		893FA0D31E1C34700067F5D8 /* NavigationItem.swift in Sources */ = {isa = PBXBuildFile; fileRef = 893FA0D21E1C34700067F5D8 /* NavigationItem.swift */; };
		89D009811E1B878D007E0627 /* AppDelegate.swift in Sources */ = {isa = PBXBuildFile; fileRef = 89D009801E1B878D007E0627 /* AppDelegate.swift */; };
		89D009831E1B878D007E0627 /* PeopleVC.swift in Sources */ = {isa = PBXBuildFile; fileRef = 89D009821E1B878D007E0627 /* PeopleVC.swift */; };
		89D009851E1B878D007E0627 /* BarsVC.swift in Sources */ = {isa = PBXBuildFile; fileRef = 89D009841E1B878D007E0627 /* BarsVC.swift */; };
		89D009881E1B878D007E0627 /* Main.storyboard in Resources */ = {isa = PBXBuildFile; fileRef = 89D009861E1B878D007E0627 /* Main.storyboard */; };
		89D0098A1E1B878E007E0627 /* Assets.xcassets in Resources */ = {isa = PBXBuildFile; fileRef = 89D009891E1B878E007E0627 /* Assets.xcassets */; };
		89D0098D1E1B878E007E0627 /* LaunchScreen.storyboard in Resources */ = {isa = PBXBuildFile; fileRef = 89D0098B1E1B878E007E0627 /* LaunchScreen.storyboard */; };
		89D009981E1B878E007E0627 /* TestTests.swift in Sources */ = {isa = PBXBuildFile; fileRef = 89D009971E1B878E007E0627 /* TestTests.swift */; };
		89D009A31E1B878E007E0627 /* TestUITests.swift in Sources */ = {isa = PBXBuildFile; fileRef = 89D009A21E1B878E007E0627 /* TestUITests.swift */; };
		89D009B61E1C1C3D007E0627 /* BuyDrinksVC.swift in Sources */ = {isa = PBXBuildFile; fileRef = 89D009B51E1C1C3D007E0627 /* BuyDrinksVC.swift */; };
		89D009B81E1C1CB6007E0627 /* MyDrinksVC.swift in Sources */ = {isa = PBXBuildFile; fileRef = 89D009B71E1C1CB6007E0627 /* MyDrinksVC.swift */; };
		89D009BB1E1C1CDB007E0627 /* ChatVC.swift in Sources */ = {isa = PBXBuildFile; fileRef = 89D009BA1E1C1CDB007E0627 /* ChatVC.swift */; };
		89D009BD1E1C2BD8007E0627 /* TabBar.swift in Sources */ = {isa = PBXBuildFile; fileRef = 89D009BC1E1C2BD8007E0627 /* TabBar.swift */; };
/* End PBXBuildFile section */

/* Begin PBXContainerItemProxy section */
		89D009941E1B878E007E0627 /* PBXContainerItemProxy */ = {
			isa = PBXContainerItemProxy;
			containerPortal = 89D009751E1B878D007E0627 /* Project object */;
			proxyType = 1;
			remoteGlobalIDString = 89D0097C1E1B878D007E0627;
			remoteInfo = Test;
		};
		89D0099F1E1B878E007E0627 /* PBXContainerItemProxy */ = {
			isa = PBXContainerItemProxy;
			containerPortal = 89D009751E1B878D007E0627 /* Project object */;
			proxyType = 1;
			remoteGlobalIDString = 89D0097C1E1B878D007E0627;
			remoteInfo = Test;
		};
/* End PBXContainerItemProxy section */

/* Begin PBXFileReference section */
		893FA0D21E1C34700067F5D8 /* NavigationItem.swift */ = {isa = PBXFileReference; fileEncoding = 4; lastKnownFileType = sourcecode.swift; path = NavigationItem.swift; sourceTree = "<group>"; };
		89D0097D1E1B878D007E0627 /* Test.app */ = {isa = PBXFileReference; explicitFileType = wrapper.application; includeInIndex = 0; path = Test.app; sourceTree = BUILT_PRODUCTS_DIR; };
		89D009801E1B878D007E0627 /* AppDelegate.swift */ = {isa = PBXFileReference; lastKnownFileType = sourcecode.swift; path = AppDelegate.swift; sourceTree = "<group>"; };
		89D009821E1B878D007E0627 /* PeopleVC.swift */ = {isa = PBXFileReference; lastKnownFileType = sourcecode.swift; path = PeopleVC.swift; sourceTree = "<group>"; };
		89D009841E1B878D007E0627 /* BarsVC.swift */ = {isa = PBXFileReference; lastKnownFileType = sourcecode.swift; path = BarsVC.swift; sourceTree = "<group>"; };
		89D009871E1B878D007E0627 /* Base */ = {isa = PBXFileReference; lastKnownFileType = file.storyboard; name = Base; path = Base.lproj/Main.storyboard; sourceTree = "<group>"; };
		89D009891E1B878E007E0627 /* Assets.xcassets */ = {isa = PBXFileReference; lastKnownFileType = folder.assetcatalog; path = Assets.xcassets; sourceTree = "<group>"; };
		89D0098C1E1B878E007E0627 /* Base */ = {isa = PBXFileReference; lastKnownFileType = file.storyboard; name = Base; path = Base.lproj/LaunchScreen.storyboard; sourceTree = "<group>"; };
		89D0098E1E1B878E007E0627 /* Info.plist */ = {isa = PBXFileReference; lastKnownFileType = text.plist.xml; path = Info.plist; sourceTree = "<group>"; };
		89D009931E1B878E007E0627 /* TestTests.xctest */ = {isa = PBXFileReference; explicitFileType = wrapper.cfbundle; includeInIndex = 0; path = TestTests.xctest; sourceTree = BUILT_PRODUCTS_DIR; };
		89D009971E1B878E007E0627 /* TestTests.swift */ = {isa = PBXFileReference; lastKnownFileType = sourcecode.swift; path = TestTests.swift; sourceTree = "<group>"; };
		89D009991E1B878E007E0627 /* Info.plist */ = {isa = PBXFileReference; lastKnownFileType = text.plist.xml; path = Info.plist; sourceTree = "<group>"; };
		89D0099E1E1B878E007E0627 /* TestUITests.xctest */ = {isa = PBXFileReference; explicitFileType = wrapper.cfbundle; includeInIndex = 0; path = TestUITests.xctest; sourceTree = BUILT_PRODUCTS_DIR; };
		89D009A21E1B878E007E0627 /* TestUITests.swift */ = {isa = PBXFileReference; lastKnownFileType = sourcecode.swift; path = TestUITests.swift; sourceTree = "<group>"; };
		89D009A41E1B878E007E0627 /* Info.plist */ = {isa = PBXFileReference; lastKnownFileType = text.plist.xml; path = Info.plist; sourceTree = "<group>"; };
		89D009B51E1C1C3D007E0627 /* BuyDrinksVC.swift */ = {isa = PBXFileReference; fileEncoding = 4; lastKnownFileType = sourcecode.swift; path = BuyDrinksVC.swift; sourceTree = "<group>"; };
		89D009B71E1C1CB6007E0627 /* MyDrinksVC.swift */ = {isa = PBXFileReference; fileEncoding = 4; lastKnownFileType = sourcecode.swift; path = MyDrinksVC.swift; sourceTree = "<group>"; };
		89D009BA1E1C1CDB007E0627 /* ChatVC.swift */ = {isa = PBXFileReference; fileEncoding = 4; lastKnownFileType = sourcecode.swift; path = ChatVC.swift; sourceTree = "<group>"; };
		89D009BC1E1C2BD8007E0627 /* TabBar.swift */ = {isa = PBXFileReference; fileEncoding = 4; lastKnownFileType = sourcecode.swift; path = TabBar.swift; sourceTree = "<group>"; };
/* End PBXFileReference section */

/* Begin PBXFrameworksBuildPhase section */
		89D0097A1E1B878D007E0627 /* Frameworks */ = {
			isa = PBXFrameworksBuildPhase;
			buildActionMask = 2147483647;
			files = (
			);
			runOnlyForDeploymentPostprocessing = 0;
		};
		89D009901E1B878E007E0627 /* Frameworks */ = {
			isa = PBXFrameworksBuildPhase;
			buildActionMask = 2147483647;
			files = (
			);
			runOnlyForDeploymentPostprocessing = 0;
		};
		89D0099B1E1B878E007E0627 /* Frameworks */ = {
			isa = PBXFrameworksBuildPhase;
			buildActionMask = 2147483647;
			files = (
			);
			runOnlyForDeploymentPostprocessing = 0;
		};
/* End PBXFrameworksBuildPhase section */

/* Begin PBXGroup section */
		89D009741E1B878D007E0627 = {
			isa = PBXGroup;
			children = (
				89D0097F1E1B878D007E0627 /* Test */,
				89D009961E1B878E007E0627 /* TestTests */,
				89D009A11E1B878E007E0627 /* TestUITests */,
				89D0097E1E1B878D007E0627 /* Products */,
			);
			sourceTree = "<group>";
		};
		89D0097E1E1B878D007E0627 /* Products */ = {
			isa = PBXGroup;
			children = (
				89D0097D1E1B878D007E0627 /* Test.app */,
				89D009931E1B878E007E0627 /* TestTests.xctest */,
				89D0099E1E1B878E007E0627 /* TestUITests.xctest */,
			);
			name = Products;
			sourceTree = "<group>";
		};
		89D0097F1E1B878D007E0627 /* Test */ = {
			isa = PBXGroup;
			children = (
				89D009B41E1C1AEF007E0627 /* Services */,
				89D009B31E1C1AE8007E0627 /* Util */,
				89D009B21E1C1AE2007E0627 /* Controller */,
				89D009B11E1C1ADD007E0627 /* View */,
				89D009B01E1C1AD7007E0627 /* Model */,
				89D009801E1B878D007E0627 /* AppDelegate.swift */,
				89D009861E1B878D007E0627 /* Main.storyboard */,
				89D009891E1B878E007E0627 /* Assets.xcassets */,
				89D0098B1E1B878E007E0627 /* LaunchScreen.storyboard */,
				89D0098E1E1B878E007E0627 /* Info.plist */,
			);
			path = Test;
			sourceTree = "<group>";
		};
		89D009961E1B878E007E0627 /* TestTests */ = {
			isa = PBXGroup;
			children = (
				89D009971E1B878E007E0627 /* TestTests.swift */,
				89D009991E1B878E007E0627 /* Info.plist */,
			);
			path = TestTests;
			sourceTree = "<group>";
		};
		89D009A11E1B878E007E0627 /* TestUITests */ = {
			isa = PBXGroup;
			children = (
				89D009A21E1B878E007E0627 /* TestUITests.swift */,
				89D009A41E1B878E007E0627 /* Info.plist */,
			);
			path = TestUITests;
			sourceTree = "<group>";
		};
		89D009B01E1C1AD7007E0627 /* Model */ = {
			isa = PBXGroup;
			children = (
			);
			name = Model;
			sourceTree = "<group>";
		};
		89D009B11E1C1ADD007E0627 /* View */ = {
			isa = PBXGroup;
			children = (
				89D009BC1E1C2BD8007E0627 /* TabBar.swift */,
				893FA0D21E1C34700067F5D8 /* NavigationItem.swift */,
			);
			name = View;
			sourceTree = "<group>";
		};
		89D009B21E1C1AE2007E0627 /* Controller */ = {
			isa = PBXGroup;
			children = (
				89D009821E1B878D007E0627 /* PeopleVC.swift */,
				89D009841E1B878D007E0627 /* BarsVC.swift */,
				89D009B51E1C1C3D007E0627 /* BuyDrinksVC.swift */,
				89D009B71E1C1CB6007E0627 /* MyDrinksVC.swift */,
				89D009BA1E1C1CDB007E0627 /* ChatVC.swift */,
			);
			name = Controller;
			sourceTree = "<group>";
		};
		89D009B31E1C1AE8007E0627 /* Util */ = {
			isa = PBXGroup;
			children = (
			);
			name = Util;
			sourceTree = "<group>";
		};
		89D009B41E1C1AEF007E0627 /* Services */ = {
			isa = PBXGroup;
			children = (
			);
			name = Services;
			sourceTree = "<group>";
		};
/* End PBXGroup section */

/* Begin PBXNativeTarget section */
		89D0097C1E1B878D007E0627 /* Test */ = {
			isa = PBXNativeTarget;
			buildConfigurationList = 89D009A71E1B878E007E0627 /* Build configuration list for PBXNativeTarget "Test" */;
			buildPhases = (
				89D009791E1B878D007E0627 /* Sources */,
				89D0097A1E1B878D007E0627 /* Frameworks */,
				89D0097B1E1B878D007E0627 /* Resources */,
			);
			buildRules = (
			);
			dependencies = (
			);
			name = Test;
			productName = Test;
			productReference = 89D0097D1E1B878D007E0627 /* Test.app */;
			productType = "com.apple.product-type.application";
		};
		89D009921E1B878E007E0627 /* TestTests */ = {
			isa = PBXNativeTarget;
			buildConfigurationList = 89D009AA1E1B878E007E0627 /* Build configuration list for PBXNativeTarget "TestTests" */;
			buildPhases = (
				89D0098F1E1B878E007E0627 /* Sources */,
				89D009901E1B878E007E0627 /* Frameworks */,
				89D009911E1B878E007E0627 /* Resources */,
			);
			buildRules = (
			);
			dependencies = (
				89D009951E1B878E007E0627 /* PBXTargetDependency */,
			);
			name = TestTests;
			productName = TestTests;
			productReference = 89D009931E1B878E007E0627 /* TestTests.xctest */;
			productType = "com.apple.product-type.bundle.unit-test";
		};
		89D0099D1E1B878E007E0627 /* TestUITests */ = {
			isa = PBXNativeTarget;
			buildConfigurationList = 89D009AD1E1B878E007E0627 /* Build configuration list for PBXNativeTarget "TestUITests" */;
			buildPhases = (
				89D0099A1E1B878E007E0627 /* Sources */,
				89D0099B1E1B878E007E0627 /* Frameworks */,
				89D0099C1E1B878E007E0627 /* Resources */,
			);
			buildRules = (
			);
			dependencies = (
				89D009A01E1B878E007E0627 /* PBXTargetDependency */,
			);
			name = TestUITests;
			productName = TestUITests;
			productReference = 89D0099E1E1B878E007E0627 /* TestUITests.xctest */;
			productType = "com.apple.product-type.bundle.ui-testing";
		};
/* End PBXNativeTarget section */

/* Begin PBXProject section */
		89D009751E1B878D007E0627 /* Project object */ = {
			isa = PBXProject;
			attributes = {
				LastSwiftUpdateCheck = 0820;
				LastUpgradeCheck = 0820;
				ORGANIZATIONNAME = "Thad Duval";
				TargetAttributes = {
					89D0097C1E1B878D007E0627 = {
						CreatedOnToolsVersion = 8.2.1;
						DevelopmentTeam = 4G772GYV39;
						ProvisioningStyle = Automatic;
					};
					89D009921E1B878E007E0627 = {
						CreatedOnToolsVersion = 8.2.1;
						ProvisioningStyle = Automatic;
						TestTargetID = 89D0097C1E1B878D007E0627;
					};
					89D0099D1E1B878E007E0627 = {
						CreatedOnToolsVersion = 8.2.1;
						ProvisioningStyle = Automatic;
						TestTargetID = 89D0097C1E1B878D007E0627;
					};
				};
			};
			buildConfigurationList = 89D009781E1B878D007E0627 /* Build configuration list for PBXProject "Test" */;
			compatibilityVersion = "Xcode 3.2";
			developmentRegion = English;
			hasScannedForEncodings = 0;
			knownRegions = (
				en,
				Base,
			);
			mainGroup = 89D009741E1B878D007E0627;
			productRefGroup = 89D0097E1E1B878D007E0627 /* Products */;
			projectDirPath = "";
			projectRoot = "";
			targets = (
				89D0097C1E1B878D007E0627 /* Test */,
				89D009921E1B878E007E0627 /* TestTests */,
				89D0099D1E1B878E007E0627 /* TestUITests */,
			);
		};
/* End PBXProject section */

/* Begin PBXResourcesBuildPhase section */
		89D0097B1E1B878D007E0627 /* Resources */ = {
			isa = PBXResourcesBuildPhase;
			buildActionMask = 2147483647;
			files = (
				89D0098D1E1B878E007E0627 /* LaunchScreen.storyboard in Resources */,
				89D0098A1E1B878E007E0627 /* Assets.xcassets in Resources */,
				89D009881E1B878D007E0627 /* Main.storyboard in Resources */,
			);
			runOnlyForDeploymentPostprocessing = 0;
		};
		89D009911E1B878E007E0627 /* Resources */ = {
			isa = PBXResourcesBuildPhase;
			buildActionMask = 2147483647;
			files = (
			);
			runOnlyForDeploymentPostprocessing = 0;
		};
		89D0099C1E1B878E007E0627 /* Resources */ = {
			isa = PBXResourcesBuildPhase;
			buildActionMask = 2147483647;
			files = (
			);
			runOnlyForDeploymentPostprocessing = 0;
		};
/* End PBXResourcesBuildPhase section */

/* Begin PBXSourcesBuildPhase section */
		89D009791E1B878D007E0627 /* Sources */ = {
			isa = PBXSourcesBuildPhase;
			buildActionMask = 2147483647;
			files = (
				89D009BD1E1C2BD8007E0627 /* TabBar.swift in Sources */,
				89D009B81E1C1CB6007E0627 /* MyDrinksVC.swift in Sources */,
				89D009BB1E1C1CDB007E0627 /* ChatVC.swift in Sources */,
				89D009851E1B878D007E0627 /* BarsVC.swift in Sources */,
				89D009B61E1C1C3D007E0627 /* BuyDrinksVC.swift in Sources */,
				89D009811E1B878D007E0627 /* AppDelegate.swift in Sources */,
				893FA0D31E1C34700067F5D8 /* NavigationItem.swift in Sources */,
				89D009831E1B878D007E0627 /* PeopleVC.swift in Sources */,
			);
			runOnlyForDeploymentPostprocessing = 0;
		};
		89D0098F1E1B878E007E0627 /* Sources */ = {
			isa = PBXSourcesBuildPhase;
			buildActionMask = 2147483647;
			files = (
				89D009981E1B878E007E0627 /* TestTests.swift in Sources */,
			);
			runOnlyForDeploymentPostprocessing = 0;
		};
		89D0099A1E1B878E007E0627 /* Sources */ = {
			isa = PBXSourcesBuildPhase;
			buildActionMask = 2147483647;
			files = (
				89D009A31E1B878E007E0627 /* TestUITests.swift in Sources */,
			);
			runOnlyForDeploymentPostprocessing = 0;
		};
/* End PBXSourcesBuildPhase section */

/* Begin PBXTargetDependency section */
		89D009951E1B878E007E0627 /* PBXTargetDependency */ = {
			isa = PBXTargetDependency;
			target = 89D0097C1E1B878D007E0627 /* Test */;
			targetProxy = 89D009941E1B878E007E0627 /* PBXContainerItemProxy */;
		};
		89D009A01E1B878E007E0627 /* PBXTargetDependency */ = {
			isa = PBXTargetDependency;
			target = 89D0097C1E1B878D007E0627 /* Test */;
			targetProxy = 89D0099F1E1B878E007E0627 /* PBXContainerItemProxy */;
		};
/* End PBXTargetDependency section */

/* Begin PBXVariantGroup section */
		89D009861E1B878D007E0627 /* Main.storyboard */ = {
			isa = PBXVariantGroup;
			children = (
				89D009871E1B878D007E0627 /* Base */,
			);
			name = Main.storyboard;
			sourceTree = "<group>";
		};
		89D0098B1E1B878E007E0627 /* LaunchScreen.storyboard */ = {
			isa = PBXVariantGroup;
			children = (
				89D0098C1E1B878E007E0627 /* Base */,
			);
			name = LaunchScreen.storyboard;
			sourceTree = "<group>";
		};
/* End PBXVariantGroup section */

/* Begin XCBuildConfiguration section */
		89D009A51E1B878E007E0627 /* Debug */ = {
			isa = XCBuildConfiguration;
			buildSettings = {
				ALWAYS_SEARCH_USER_PATHS = NO;
				CLANG_ANALYZER_NONNULL = YES;
				CLANG_CXX_LANGUAGE_STANDARD = "gnu++0x";
				CLANG_CXX_LIBRARY = "libc++";
				CLANG_ENABLE_MODULES = YES;
				CLANG_ENABLE_OBJC_ARC = YES;
				CLANG_WARN_BOOL_CONVERSION = YES;
				CLANG_WARN_CONSTANT_CONVERSION = YES;
				CLANG_WARN_DIRECT_OBJC_ISA_USAGE = YES_ERROR;
				CLANG_WARN_DOCUMENTATION_COMMENTS = YES;
				CLANG_WARN_EMPTY_BODY = YES;
				CLANG_WARN_ENUM_CONVERSION = YES;
				CLANG_WARN_INFINITE_RECURSION = YES;
				CLANG_WARN_INT_CONVERSION = YES;
				CLANG_WARN_OBJC_ROOT_CLASS = YES_ERROR;
				CLANG_WARN_SUSPICIOUS_MOVE = YES;
				CLANG_WARN_UNREACHABLE_CODE = YES;
				CLANG_WARN__DUPLICATE_METHOD_MATCH = YES;
				"CODE_SIGN_IDENTITY[sdk=iphoneos*]" = "iPhone Developer";
				COPY_PHASE_STRIP = NO;
				DEBUG_INFORMATION_FORMAT = dwarf;
				ENABLE_STRICT_OBJC_MSGSEND = YES;
				ENABLE_TESTABILITY = YES;
				GCC_C_LANGUAGE_STANDARD = gnu99;
				GCC_DYNAMIC_NO_PIC = NO;
				GCC_NO_COMMON_BLOCKS = YES;
				GCC_OPTIMIZATION_LEVEL = 0;
				GCC_PREPROCESSOR_DEFINITIONS = (
					"DEBUG=1",
					"$(inherited)",
				);
				GCC_WARN_64_TO_32_BIT_CONVERSION = YES;
				GCC_WARN_ABOUT_RETURN_TYPE = YES_ERROR;
				GCC_WARN_UNDECLARED_SELECTOR = YES;
				GCC_WARN_UNINITIALIZED_AUTOS = YES_AGGRESSIVE;
				GCC_WARN_UNUSED_FUNCTION = YES;
				GCC_WARN_UNUSED_VARIABLE = YES;
				IPHONEOS_DEPLOYMENT_TARGET = 10.2;
				MTL_ENABLE_DEBUG_INFO = YES;
				ONLY_ACTIVE_ARCH = YES;
				SDKROOT = iphoneos;
				SWIFT_ACTIVE_COMPILATION_CONDITIONS = DEBUG;
				SWIFT_OPTIMIZATION_LEVEL = "-Onone";
				TARGETED_DEVICE_FAMILY = "1,2";
			};
			name = Debug;
		};
		89D009A61E1B878E007E0627 /* Release */ = {
			isa = XCBuildConfiguration;
			buildSettings = {
				ALWAYS_SEARCH_USER_PATHS = NO;
				CLANG_ANALYZER_NONNULL = YES;
				CLANG_CXX_LANGUAGE_STANDARD = "gnu++0x";
				CLANG_CXX_LIBRARY = "libc++";
				CLANG_ENABLE_MODULES = YES;
				CLANG_ENABLE_OBJC_ARC = YES;
				CLANG_WARN_BOOL_CONVERSION = YES;
				CLANG_WARN_CONSTANT_CONVERSION = YES;
				CLANG_WARN_DIRECT_OBJC_ISA_USAGE = YES_ERROR;
				CLANG_WARN_DOCUMENTATION_COMMENTS = YES;
				CLANG_WARN_EMPTY_BODY = YES;
				CLANG_WARN_ENUM_CONVERSION = YES;
				CLANG_WARN_INFINITE_RECURSION = YES;
				CLANG_WARN_INT_CONVERSION = YES;
				CLANG_WARN_OBJC_ROOT_CLASS = YES_ERROR;
				CLANG_WARN_SUSPICIOUS_MOVE = YES;
				CLANG_WARN_UNREACHABLE_CODE = YES;
				CLANG_WARN__DUPLICATE_METHOD_MATCH = YES;
				"CODE_SIGN_IDENTITY[sdk=iphoneos*]" = "iPhone Developer";
				COPY_PHASE_STRIP = NO;
				DEBUG_INFORMATION_FORMAT = "dwarf-with-dsym";
				ENABLE_NS_ASSERTIONS = NO;
				ENABLE_STRICT_OBJC_MSGSEND = YES;
				GCC_C_LANGUAGE_STANDARD = gnu99;
				GCC_NO_COMMON_BLOCKS = YES;
				GCC_WARN_64_TO_32_BIT_CONVERSION = YES;
				GCC_WARN_ABOUT_RETURN_TYPE = YES_ERROR;
				GCC_WARN_UNDECLARED_SELECTOR = YES;
				GCC_WARN_UNINITIALIZED_AUTOS = YES_AGGRESSIVE;
				GCC_WARN_UNUSED_FUNCTION = YES;
				GCC_WARN_UNUSED_VARIABLE = YES;
				IPHONEOS_DEPLOYMENT_TARGET = 10.2;
				MTL_ENABLE_DEBUG_INFO = NO;
				SDKROOT = iphoneos;
				SWIFT_OPTIMIZATION_LEVEL = "-Owholemodule";
				TARGETED_DEVICE_FAMILY = "1,2";
				VALIDATE_PRODUCT = YES;
			};
			name = Release;
		};
		89D009A81E1B878E007E0627 /* Debug */ = {
			isa = XCBuildConfiguration;
			buildSettings = {
				ASSETCATALOG_COMPILER_APPICON_NAME = AppIcon;
				DEVELOPMENT_TEAM = 4G772GYV39;
				INFOPLIST_FILE = Test/Info.plist;
				LD_RUNPATH_SEARCH_PATHS = "$(inherited) @executable_path/Frameworks";
				PRODUCT_BUNDLE_IDENTIFIER = com.witherberry.Test;
				PRODUCT_NAME = "$(TARGET_NAME)";
				SWIFT_VERSION = 3.0;
			};
			name = Debug;
		};
		89D009A91E1B878E007E0627 /* Release */ = {
			isa = XCBuildConfiguration;
			buildSettings = {
				ASSETCATALOG_COMPILER_APPICON_NAME = AppIcon;
				DEVELOPMENT_TEAM = 4G772GYV39;
				INFOPLIST_FILE = Test/Info.plist;
				LD_RUNPATH_SEARCH_PATHS = "$(inherited) @executable_path/Frameworks";
				PRODUCT_BUNDLE_IDENTIFIER = com.witherberry.Test;
				PRODUCT_NAME = "$(TARGET_NAME)";
				SWIFT_VERSION = 3.0;
			};
			name = Release;
		};
		89D009AB1E1B878E007E0627 /* Debug */ = {
			isa = XCBuildConfiguration;
			buildSettings = {
				ALWAYS_EMBED_SWIFT_STANDARD_LIBRARIES = YES;
				BUNDLE_LOADER = "$(TEST_HOST)";
				INFOPLIST_FILE = TestTests/Info.plist;
				LD_RUNPATH_SEARCH_PATHS = "$(inherited) @executable_path/Frameworks @loader_path/Frameworks";
				PRODUCT_BUNDLE_IDENTIFIER = com.witherberry.TestTests;
				PRODUCT_NAME = "$(TARGET_NAME)";
				SWIFT_VERSION = 3.0;
				TEST_HOST = "$(BUILT_PRODUCTS_DIR)/Test.app/Test";
			};
			name = Debug;
		};
		89D009AC1E1B878E007E0627 /* Release */ = {
			isa = XCBuildConfiguration;
			buildSettings = {
				ALWAYS_EMBED_SWIFT_STANDARD_LIBRARIES = YES;
				BUNDLE_LOADER = "$(TEST_HOST)";
				INFOPLIST_FILE = TestTests/Info.plist;
				LD_RUNPATH_SEARCH_PATHS = "$(inherited) @executable_path/Frameworks @loader_path/Frameworks";
				PRODUCT_BUNDLE_IDENTIFIER = com.witherberry.TestTests;
				PRODUCT_NAME = "$(TARGET_NAME)";
				SWIFT_VERSION = 3.0;
				TEST_HOST = "$(BUILT_PRODUCTS_DIR)/Test.app/Test";
			};
			name = Release;
		};
		89D009AE1E1B878E007E0627 /* Debug */ = {
			isa = XCBuildConfiguration;
			buildSettings = {
				ALWAYS_EMBED_SWIFT_STANDARD_LIBRARIES = YES;
				INFOPLIST_FILE = TestUITests/Info.plist;
				LD_RUNPATH_SEARCH_PATHS = "$(inherited) @executable_path/Frameworks @loader_path/Frameworks";
				PRODUCT_BUNDLE_IDENTIFIER = com.witherberry.TestUITests;
				PRODUCT_NAME = "$(TARGET_NAME)";
				SWIFT_VERSION = 3.0;
				TEST_TARGET_NAME = Test;
			};
			name = Debug;
		};
		89D009AF1E1B878E007E0627 /* Release */ = {
			isa = XCBuildConfiguration;
			buildSettings = {
				ALWAYS_EMBED_SWIFT_STANDARD_LIBRARIES = YES;
				INFOPLIST_FILE = TestUITests/Info.plist;
				LD_RUNPATH_SEARCH_PATHS = "$(inherited) @executable_path/Frameworks @loader_path/Frameworks";
				PRODUCT_BUNDLE_IDENTIFIER = com.witherberry.TestUITests;
				PRODUCT_NAME = "$(TARGET_NAME)";
				SWIFT_VERSION = 3.0;
				TEST_TARGET_NAME = Test;
			};
			name = Release;
		};
/* End XCBuildConfiguration section */

/* Begin XCConfigurationList section */
		89D009781E1B878D007E0627 /* Build configuration list for PBXProject "Test" */ = {
			isa = XCConfigurationList;
			buildConfigurations = (
				89D009A51E1B878E007E0627 /* Debug */,
				89D009A61E1B878E007E0627 /* Release */,
			);
			defaultConfigurationIsVisible = 0;
			defaultConfigurationName = Release;
		};
		89D009A71E1B878E007E0627 /* Build configuration list for PBXNativeTarget "Test" */ = {
			isa = XCConfigurationList;
			buildConfigurations = (
				89D009A81E1B878E007E0627 /* Debug */,
				89D009A91E1B878E007E0627 /* Release */,
			);
			defaultConfigurationIsVisible = 0;
			defaultConfigurationName = Release;
		};
		89D009AA1E1B878E007E0627 /* Build configuration list for PBXNativeTarget "TestTests" */ = {
			isa = XCConfigurationList;
			buildConfigurations = (
				89D009AB1E1B878E007E0627 /* Debug */,
				89D009AC1E1B878E007E0627 /* Release */,
			);
			defaultConfigurationIsVisible = 0;
			defaultConfigurationName = Release;
		};
		89D009AD1E1B878E007E0627 /* Build configuration list for PBXNativeTarget "TestUITests" */ = {
			isa = XCConfigurationList;
			buildConfigurations = (
				89D009AE1E1B878E007E0627 /* Debug */,
				89D009AF1E1B878E007E0627 /* Release */,
			);
			defaultConfigurationIsVisible = 0;
			defaultConfigurationName = Release;
		};
/* End XCConfigurationList section */
	};
	rootObject = 89D009751E1B878D007E0627 /* Project object */;
}
